
Microsoft Visual Studio Solution File, Format Version 12.00
# Visual Studio 15
VisualStudioVersion = 15.0.26228.9
MinimumVisualStudioVersion = 10.0.40219.1
Project("{FAE04EC0-301F-11D3-BF4B-00C04F79EFBC}") = "WebСourseProject", "WebСourseProject\WebСourseProject.csproj", "{1F34FBC3-4988-49D2-9705-5A97B6EB7F33}"
EndProject
Project("{FAE04EC0-301F-11D3-BF4B-00C04F79EFBC}") = "WebСourseProject.Tests", "WebСourseProject.Tests\WebСourseProject.Tests.csproj", "{9E5B9EA9-1182-4BBC-833C-1EF049320A08}"
EndProject
Global
	GlobalSection(SolutionConfigurationPlatforms) = preSolution
		Debug|Any CPU = Debug|Any CPU
		Release|Any CPU = Release|Any CPU
	EndGlobalSection
	GlobalSection(ProjectConfigurationPlatforms) = postSolution
		{1F34FBC3-4988-49D2-9705-5A97B6EB7F33}.Debug|Any CPU.ActiveCfg = Debug|Any CPU
		{1F34FBC3-4988-49D2-9705-5A97B6EB7F33}.Debug|Any CPU.Build.0 = Debug|Any CPU
		{1F34FBC3-4988-49D2-9705-5A97B6EB7F33}.Release|Any CPU.ActiveCfg = Release|Any CPU
		{1F34FBC3-4988-49D2-9705-5A97B6EB7F33}.Release|Any CPU.Build.0 = Release|Any CPU
		{9E5B9EA9-1182-4BBC-833C-1EF049320A08}.Debug|Any CPU.ActiveCfg = Debug|Any CPU
		{9E5B9EA9-1182-4BBC-833C-1EF049320A08}.Debug|Any CPU.Build.0 = Debug|Any CPU
		{9E5B9EA9-1182-4BBC-833C-1EF049320A08}.Release|Any CPU.ActiveCfg = Release|Any CPU
		{9E5B9EA9-1182-4BBC-833C-1EF049320A08}.Release|Any CPU.Build.0 = Release|Any CPU
	EndGlobalSection
	GlobalSection(SolutionProperties) = preSolution
		HideSolutionNode = FALSE
	EndGlobalSection
EndGlobal
